
Microsoft Visual Studio Solution File, Format Version 12.00
# Visual Studio Version 17
VisualStudioVersion = 17.14.36518.9 d17.14
MinimumVisualStudioVersion = 10.0.40219.1
Project("{FAE04EC0-301F-11D3-BF4B-00C04F79EFBC}") = "LeThiMinhTuoi_2231200122_Lab2", "LeThiMinhTuoi_2231200122_Lab2.csproj", "{10C09E38-77CC-405D-B2D2-ADB410C11BE7}"
EndProject
Global
	GlobalSection(SolutionConfigurationPlatforms) = preSolution
		Debug|Any CPU = Debug|Any CPU
		Release|Any CPU = Release|Any CPU
	EndGlobalSection
	GlobalSection(ProjectConfigurationPlatforms) = postSolution
		{10C09E38-77CC-405D-B2D2-ADB410C11BE7}.Debug|Any CPU.ActiveCfg = Debug|Any CPU
		{10C09E38-77CC-405D-B2D2-ADB410C11BE7}.Debug|Any CPU.Build.0 = Debug|Any CPU
		{10C09E38-77CC-405D-B2D2-ADB410C11BE7}.Release|Any CPU.ActiveCfg = Release|Any CPU
		{10C09E38-77CC-405D-B2D2-ADB410C11BE7}.Release|Any CPU.Build.0 = Release|Any CPU
	EndGlobalSection
	GlobalSection(SolutionProperties) = preSolution
		HideSolutionNode = FALSE
	EndGlobalSection
	GlobalSection(ExtensibilityGlobals) = postSolution
		SolutionGuid = {994E3A45-C775-4349-BE87-5C095BEC0C8F}
	EndGlobalSection
EndGlobal
