
Microsoft Visual Studio Solution File, Format Version 12.00
# Visual Studio Version 17
VisualStudioVersion = 17.14.36518.9 d17.14
MinimumVisualStudioVersion = 10.0.40219.1
Project("{FAE04EC0-301F-11D3-BF4B-00C04F79EFBC}") = "LeThiMinhTuoi_2231200122_Lab1", "LeThiMinhTuoi_2231200122_Lab1.csproj", "{563A5CBE-46B3-454D-BB34-C984DFED84CE}"
EndProject
Global
	GlobalSection(SolutionConfigurationPlatforms) = preSolution
		Debug|Any CPU = Debug|Any CPU
		Release|Any CPU = Release|Any CPU
	EndGlobalSection
	GlobalSection(ProjectConfigurationPlatforms) = postSolution
		{563A5CBE-46B3-454D-BB34-C984DFED84CE}.Debug|Any CPU.ActiveCfg = Debug|Any CPU
		{563A5CBE-46B3-454D-BB34-C984DFED84CE}.Debug|Any CPU.Build.0 = Debug|Any CPU
		{563A5CBE-46B3-454D-BB34-C984DFED84CE}.Release|Any CPU.ActiveCfg = Release|Any CPU
		{563A5CBE-46B3-454D-BB34-C984DFED84CE}.Release|Any CPU.Build.0 = Release|Any CPU
	EndGlobalSection
	GlobalSection(SolutionProperties) = preSolution
		HideSolutionNode = FALSE
	EndGlobalSection
	GlobalSection(ExtensibilityGlobals) = postSolution
		SolutionGuid = {9A6E11BB-F58C-4A1D-AA3F-957740FCA0E1}
	EndGlobalSection
EndGlobal
